
Microsoft Visual Studio Solution File, Format Version 12.00
# Visual Studio Version 16
VisualStudioVersion = 16.0.31702.278
MinimumVisualStudioVersion = 10.0.40219.1
Project("{FAE04EC0-301F-11D3-BF4B-00C04F79EFBC}") = "LargestNumber", "LargestNumber\LargestNumber.csproj", "{028E8E5A-4ED0-4CC6-9442-084CAAA6F91E}"
EndProject
Global
	GlobalSection(SolutionConfigurationPlatforms) = preSolution
		Debug|Any CPU = Debug|Any CPU
		Release|Any CPU = Release|Any CPU
	EndGlobalSection
	GlobalSection(ProjectConfigurationPlatforms) = postSolution
		{028E8E5A-4ED0-4CC6-9442-084CAAA6F91E}.Debug|Any CPU.ActiveCfg = Debug|Any CPU
		{028E8E5A-4ED0-4CC6-9442-084CAAA6F91E}.Debug|Any CPU.Build.0 = Debug|Any CPU
		{028E8E5A-4ED0-4CC6-9442-084CAAA6F91E}.Release|Any CPU.ActiveCfg = Release|Any CPU
		{028E8E5A-4ED0-4CC6-9442-084CAAA6F91E}.Release|Any CPU.Build.0 = Release|Any CPU
	EndGlobalSection
	GlobalSection(SolutionProperties) = preSolution
		HideSolutionNode = FALSE
	EndGlobalSection
	GlobalSection(ExtensibilityGlobals) = postSolution
		SolutionGuid = {00323216-7A1C-43D7-ACB0-1142CDCD3B0B}
	EndGlobalSection
EndGlobal
